
Microsoft Visual Studio Solution File, Format Version 12.00
# Visual Studio Version 17
VisualStudioVersion = 17.8.34408.163
MinimumVisualStudioVersion = 10.0.40219.1
Project("{FAE04EC0-301F-11D3-BF4B-00C04F79EFBC}") = "AppLanches", "AppLanches\AppLanches.csproj", "{A793208F-49CC-401A-AD69-AF36070CE09F}"
EndProject
Global
	GlobalSection(SolutionConfigurationPlatforms) = preSolution
		Debug|Any CPU = Debug|Any CPU
		Release|Any CPU = Release|Any CPU
	EndGlobalSection
	GlobalSection(ProjectConfigurationPlatforms) = postSolution
		{A793208F-49CC-401A-AD69-AF36070CE09F}.Debug|Any CPU.ActiveCfg = Debug|Any CPU
		{A793208F-49CC-401A-AD69-AF36070CE09F}.Debug|Any CPU.Build.0 = Debug|Any CPU
		{A793208F-49CC-401A-AD69-AF36070CE09F}.Debug|Any CPU.Deploy.0 = Debug|Any CPU
		{A793208F-49CC-401A-AD69-AF36070CE09F}.Release|Any CPU.ActiveCfg = Release|Any CPU
		{A793208F-49CC-401A-AD69-AF36070CE09F}.Release|Any CPU.Build.0 = Release|Any CPU
		{A793208F-49CC-401A-AD69-AF36070CE09F}.Release|Any CPU.Deploy.0 = Release|Any CPU
	EndGlobalSection
	GlobalSection(SolutionProperties) = preSolution
		HideSolutionNode = FALSE
	EndGlobalSection
	GlobalSection(ExtensibilityGlobals) = postSolution
		SolutionGuid = {95FF33C2-4B74-45DD-B03C-CE26B1F4C486}
	EndGlobalSection
EndGlobal
